
Microsoft Visual Studio Solution File, Format Version 12.00
# Visual Studio Version 16
VisualStudioVersion = 16.0.32126.315
MinimumVisualStudioVersion = 10.0.40219.1
Project("{FAE04EC0-301F-11D3-BF4B-00C04F79EFBC}") = "ArabicToRomanNumbers2", "ArabicToRomanNumbers2\ArabicToRomanNumbers2.csproj", "{D10C4614-0B03-4630-AFAE-02FCF690B415}"
EndProject
Global
	GlobalSection(SolutionConfigurationPlatforms) = preSolution
		Debug|Any CPU = Debug|Any CPU
		Release|Any CPU = Release|Any CPU
	EndGlobalSection
	GlobalSection(ProjectConfigurationPlatforms) = postSolution
		{D10C4614-0B03-4630-AFAE-02FCF690B415}.Debug|Any CPU.ActiveCfg = Debug|Any CPU
		{D10C4614-0B03-4630-AFAE-02FCF690B415}.Debug|Any CPU.Build.0 = Debug|Any CPU
		{D10C4614-0B03-4630-AFAE-02FCF690B415}.Release|Any CPU.ActiveCfg = Release|Any CPU
		{D10C4614-0B03-4630-AFAE-02FCF690B415}.Release|Any CPU.Build.0 = Release|Any CPU
	EndGlobalSection
	GlobalSection(SolutionProperties) = preSolution
		HideSolutionNode = FALSE
	EndGlobalSection
	GlobalSection(ExtensibilityGlobals) = postSolution
		SolutionGuid = {4451886C-5C69-4A4A-B5E8-5F29370B93AC}
	EndGlobalSection
EndGlobal
